
Microsoft Visual Studio Solution File, Format Version 12.00
# Visual Studio 2017
Project("{FAE04EC0-301F-11D3-BF4B-00C04F79EFBC}") = "IPL_IP_Pacman", "IPL_IP_Pacman.csproj", "{3D563EE8-DC36-E5BC-44FD-F5C6248F01C6}"
EndProject
Global
	GlobalSection(SolutionConfigurationPlatforms) = preSolution
		Debug|Any CPU = Debug|Any CPU
		Release|Any CPU = Release|Any CPU
	EndGlobalSection
	GlobalSection(ProjectConfigurationPlatforms) = postSolution
		{3D563EE8-DC36-E5BC-44FD-F5C6248F01C6}.Debug|Any CPU.ActiveCfg = Debug|Any CPU
		{3D563EE8-DC36-E5BC-44FD-F5C6248F01C6}.Debug|Any CPU.Build.0 = Debug|Any CPU
		{3D563EE8-DC36-E5BC-44FD-F5C6248F01C6}.Release|Any CPU.ActiveCfg = Release|Any CPU
		{3D563EE8-DC36-E5BC-44FD-F5C6248F01C6}.Release|Any CPU.Build.0 = Release|Any CPU
	EndGlobalSection
	GlobalSection(SolutionProperties) = preSolution
		HideSolutionNode = FALSE
	EndGlobalSection
EndGlobal
